// !$*UTF8*$!
{
	archiveVersion = 1;
	classes = {
	};
	objectVersion = 46;
	objects = {

/* Begin PBXBuildFile section */
		AA6DB3FE1B9B138700704B5A /* AppDelegate.swift in Sources */ = {isa = PBXBuildFile; fileRef = AA6DB3FD1B9B138700704B5A /* AppDelegate.swift */; };
		AA6DB4001B9B138700704B5A /* ViewController.swift in Sources */ = {isa = PBXBuildFile; fileRef = AA6DB3FF1B9B138700704B5A /* ViewController.swift */; };
		AA6DB4031B9B138700704B5A /* Main.storyboard in Resources */ = {isa = PBXBuildFile; fileRef = AA6DB4011B9B138700704B5A /* Main.storyboard */; };
		AA6DB4051B9B138700704B5A /* Assets.xcassets in Resources */ = {isa = PBXBuildFile; fileRef = AA6DB4041B9B138700704B5A /* Assets.xcassets */; };
		AA6DB4081B9B138700704B5A /* LaunchScreen.storyboard in Resources */ = {isa = PBXBuildFile; fileRef = AA6DB4061B9B138700704B5A /* LaunchScreen.storyboard */; };
		AAF0754A1BA0452600329BD2 /* blockerList.json in Resources */ = {isa = PBXBuildFile; fileRef = AAF075491BA0452600329BD2 /* blockerList.json */; };
		AAF0754C1BA0452600329BD2 /* ActionRequestHandler.swift in Sources */ = {isa = PBXBuildFile; fileRef = AAF0754B1BA0452600329BD2 /* ActionRequestHandler.swift */; };
		AAF075501BA0452600329BD2 /* Content Blocker.appex in Embed App Extensions */ = {isa = PBXBuildFile; fileRef = AAF075471BA0452600329BD2 /* Content Blocker.appex */; settings = {ATTRIBUTES = (RemoveHeadersOnCopy, ); }; };
/* End PBXBuildFile section */

/* Begin PBXContainerItemProxy section */
		AAF0754E1BA0452600329BD2 /* PBXContainerItemProxy */ = {
			isa = PBXContainerItemProxy;
			containerPortal = AA6DB3F21B9B138700704B5A /* Project object */;
			proxyType = 1;
			remoteGlobalIDString = AAF075461BA0452600329BD2;
			remoteInfo = "Content Blocker";
		};
/* End PBXContainerItemProxy section */

/* Begin PBXCopyFilesBuildPhase section */
		AA6DB4201B9B13A200704B5A /* Embed App Extensions */ = {
			isa = PBXCopyFilesBuildPhase;
			buildActionMask = 2147483647;
			dstPath = "";
			dstSubfolderSpec = 13;
			files = (
				AAF075501BA0452600329BD2 /* Content Blocker.appex in Embed App Extensions */,
			);
			name = "Embed App Extensions";
			runOnlyForDeploymentPostprocessing = 0;
		};
/* End PBXCopyFilesBuildPhase section */

/* Begin PBXFileReference section */
		AA6DB3FA1B9B138700704B5A /* Swift Block It.app */ = {isa = PBXFileReference; explicitFileType = wrapper.application; includeInIndex = 0; path = "Swift Block It.app"; sourceTree = BUILT_PRODUCTS_DIR; };
		AA6DB3FD1B9B138700704B5A /* AppDelegate.swift */ = {isa = PBXFileReference; lastKnownFileType = sourcecode.swift; path = AppDelegate.swift; sourceTree = "<group>"; };
		AA6DB3FF1B9B138700704B5A /* ViewController.swift */ = {isa = PBXFileReference; lastKnownFileType = sourcecode.swift; path = ViewController.swift; sourceTree = "<group>"; };
		AA6DB4021B9B138700704B5A /* Base */ = {isa = PBXFileReference; lastKnownFileType = file.storyboard; name = Base; path = Base.lproj/Main.storyboard; sourceTree = "<group>"; };
		AA6DB4041B9B138700704B5A /* Assets.xcassets */ = {isa = PBXFileReference; lastKnownFileType = folder.assetcatalog; path = Assets.xcassets; sourceTree = "<group>"; };
		AA6DB4071B9B138700704B5A /* Base */ = {isa = PBXFileReference; lastKnownFileType = file.storyboard; name = Base; path = Base.lproj/LaunchScreen.storyboard; sourceTree = "<group>"; };
		AA6DB4091B9B138700704B5A /* Info.plist */ = {isa = PBXFileReference; lastKnownFileType = text.plist.xml; path = Info.plist; sourceTree = "<group>"; };
		AAF075471BA0452600329BD2 /* Content Blocker.appex */ = {isa = PBXFileReference; explicitFileType = "wrapper.app-extension"; includeInIndex = 0; path = "Content Blocker.appex"; sourceTree = BUILT_PRODUCTS_DIR; };
		AAF075491BA0452600329BD2 /* blockerList.json */ = {isa = PBXFileReference; lastKnownFileType = text.json; path = blockerList.json; sourceTree = "<group>"; };
		AAF0754B1BA0452600329BD2 /* ActionRequestHandler.swift */ = {isa = PBXFileReference; lastKnownFileType = sourcecode.swift; path = ActionRequestHandler.swift; sourceTree = "<group>"; };
		AAF0754D1BA0452600329BD2 /* Info.plist */ = {isa = PBXFileReference; lastKnownFileType = text.plist.xml; path = Info.plist; sourceTree = "<group>"; };
/* End PBXFileReference section */

/* Begin PBXFrameworksBuildPhase section */
		AA6DB3F71B9B138700704B5A /* Frameworks */ = {
			isa = PBXFrameworksBuildPhase;
			buildActionMask = 2147483647;
			files = (
			);
			runOnlyForDeploymentPostprocessing = 0;
		};
		AAF075441BA0452600329BD2 /* Frameworks */ = {
			isa = PBXFrameworksBuildPhase;
			buildActionMask = 2147483647;
			files = (
			);
			runOnlyForDeploymentPostprocessing = 0;
		};
/* End PBXFrameworksBuildPhase section */

/* Begin PBXGroup section */
		AA6DB3F11B9B138700704B5A = {
			isa = PBXGroup;
			children = (
				AA6DB3FC1B9B138700704B5A /* Swift Block It */,
				AAF075481BA0452600329BD2 /* Content Blocker */,
				AA6DB3FB1B9B138700704B5A /* Products */,
			);
			sourceTree = "<group>";
		};
		AA6DB3FB1B9B138700704B5A /* Products */ = {
			isa = PBXGroup;
			children = (
				AA6DB3FA1B9B138700704B5A /* Swift Block It.app */,
				AAF075471BA0452600329BD2 /* Content Blocker.appex */,
			);
			name = Products;
			sourceTree = "<group>";
		};
		AA6DB3FC1B9B138700704B5A /* Swift Block It */ = {
			isa = PBXGroup;
			children = (
				AA6DB3FD1B9B138700704B5A /* AppDelegate.swift */,
				AA6DB3FF1B9B138700704B5A /* ViewController.swift */,
				AA6DB4011B9B138700704B5A /* Main.storyboard */,
				AA6DB4041B9B138700704B5A /* Assets.xcassets */,
				AA6DB4061B9B138700704B5A /* LaunchScreen.storyboard */,
				AA6DB4091B9B138700704B5A /* Info.plist */,
			);
			path = "Swift Block It";
			sourceTree = "<group>";
		};
		AAF075481BA0452600329BD2 /* Content Blocker */ = {
			isa = PBXGroup;
			children = (
				AAF075491BA0452600329BD2 /* blockerList.json */,
				AAF0754B1BA0452600329BD2 /* ActionRequestHandler.swift */,
				AAF0754D1BA0452600329BD2 /* Info.plist */,
			);
			path = "Content Blocker";
			sourceTree = "<group>";
		};
/* End PBXGroup section */

/* Begin PBXNativeTarget section */
		AA6DB3F91B9B138700704B5A /* Swift Block It */ = {
			isa = PBXNativeTarget;
			buildConfigurationList = AA6DB40C1B9B138700704B5A /* Build configuration list for PBXNativeTarget "Swift Block It" */;
			buildPhases = (
				AA6DB3F61B9B138700704B5A /* Sources */,
				AA6DB3F71B9B138700704B5A /* Frameworks */,
				AA6DB3F81B9B138700704B5A /* Resources */,
				AA6DB4201B9B13A200704B5A /* Embed App Extensions */,
				AA6DB4221B9B13F300704B5A /* ShellScript */,
			);
			buildRules = (
			);
			dependencies = (
				AAF0754F1BA0452600329BD2 /* PBXTargetDependency */,
			);
			name = "Swift Block It";
			productName = "Swift Block It";
			productReference = AA6DB3FA1B9B138700704B5A /* Swift Block It.app */;
			productType = "com.apple.product-type.application";
		};
		AAF075461BA0452600329BD2 /* Content Blocker */ = {
			isa = PBXNativeTarget;
			buildConfigurationList = AAF075511BA0452600329BD2 /* Build configuration list for PBXNativeTarget "Content Blocker" */;
			buildPhases = (
				AAF075431BA0452600329BD2 /* Sources */,
				AAF075441BA0452600329BD2 /* Frameworks */,
				AAF075451BA0452600329BD2 /* Resources */,
			);
			buildRules = (
			);
			dependencies = (
			);
			name = "Content Blocker";
			productName = "Content Blocker";
			productReference = AAF075471BA0452600329BD2 /* Content Blocker.appex */;
			productType = "com.apple.product-type.app-extension";
		};
/* End PBXNativeTarget section */

/* Begin PBXProject section */
		AA6DB3F21B9B138700704B5A /* Project object */ = {
			isa = PBXProject;
			attributes = {
				LastUpgradeCheck = 0700;
				ORGANIZATIONNAME = "Steve Trease";
				TargetAttributes = {
					AA6DB3F91B9B138700704B5A = {
						CreatedOnToolsVersion = 7.0;
						DevelopmentTeam = 22648A4K3P;
					};
					AAF075461BA0452600329BD2 = {
						CreatedOnToolsVersion = 7.0;
						DevelopmentTeam = 22648A4K3P;
					};
				};
			};
			buildConfigurationList = AA6DB3F51B9B138700704B5A /* Build configuration list for PBXProject "Swift Block It" */;
			compatibilityVersion = "Xcode 3.2";
			developmentRegion = English;
			hasScannedForEncodings = 0;
			knownRegions = (
				en,
				Base,
			);
			mainGroup = AA6DB3F11B9B138700704B5A;
			productRefGroup = AA6DB3FB1B9B138700704B5A /* Products */;
			projectDirPath = "";
			projectRoot = "";
			targets = (
				AA6DB3F91B9B138700704B5A /* Swift Block It */,
				AAF075461BA0452600329BD2 /* Content Blocker */,
			);
		};
/* End PBXProject section */

/* Begin PBXResourcesBuildPhase section */
		AA6DB3F81B9B138700704B5A /* Resources */ = {
			isa = PBXResourcesBuildPhase;
			buildActionMask = 2147483647;
			files = (
				AA6DB4081B9B138700704B5A /* LaunchScreen.storyboard in Resources */,
				AA6DB4051B9B138700704B5A /* Assets.xcassets in Resources */,
				AA6DB4031B9B138700704B5A /* Main.storyboard in Resources */,
			);
			runOnlyForDeploymentPostprocessing = 0;
		};
		AAF075451BA0452600329BD2 /* Resources */ = {
			isa = PBXResourcesBuildPhase;
			buildActionMask = 2147483647;
			files = (
				AAF0754A1BA0452600329BD2 /* blockerList.json in Resources */,
			);
			runOnlyForDeploymentPostprocessing = 0;
		};
/* End PBXResourcesBuildPhase section */

/* Begin PBXShellScriptBuildPhase section */
		AA6DB4221B9B13F300704B5A /* ShellScript */ = {
			isa = PBXShellScriptBuildPhase;
			buildActionMask = 2147483647;
			files = (
			);
			inputPaths = (
			);
			outputPaths = (
			);
			runOnlyForDeploymentPostprocessing = 0;
			shellPath = /bin/sh;
			shellScript = "buildNumber=$(/usr/libexec/PlistBuddy -c \"Print CFBundleVersion\" \"${PROJECT_DIR}/${INFOPLIST_FILE}\")\nbuildNumber=$(($buildNumber + 1))\n/usr/libexec/PlistBuddy -c \"Set :CFBundleVersion $buildNumber\" \"${PROJECT_DIR}/${INFOPLIST_FILE}\"\n/usr/libexec/PlistBuddy -c \"Set :CFBundleVersion $buildNumber\" \"${PROJECT_DIR}/Content Blocker/Info.plist\"";
		};
/* End PBXShellScriptBuildPhase section */

/* Begin PBXSourcesBuildPhase section */
		AA6DB3F61B9B138700704B5A /* Sources */ = {
			isa = PBXSourcesBuildPhase;
			buildActionMask = 2147483647;
			files = (
				AA6DB4001B9B138700704B5A /* ViewController.swift in Sources */,
				AA6DB3FE1B9B138700704B5A /* AppDelegate.swift in Sources */,
			);
			runOnlyForDeploymentPostprocessing = 0;
		};
		AAF075431BA0452600329BD2 /* Sources */ = {
			isa = PBXSourcesBuildPhase;
			buildActionMask = 2147483647;
			files = (
				AAF0754C1BA0452600329BD2 /* ActionRequestHandler.swift in Sources */,
			);
			runOnlyForDeploymentPostprocessing = 0;
		};
/* End PBXSourcesBuildPhase section */

/* Begin PBXTargetDependency section */
		AAF0754F1BA0452600329BD2 /* PBXTargetDependency */ = {
			isa = PBXTargetDependency;
			target = AAF075461BA0452600329BD2 /* Content Blocker */;
			targetProxy = AAF0754E1BA0452600329BD2 /* PBXContainerItemProxy */;
		};
/* End PBXTargetDependency section */

/* Begin PBXVariantGroup section */
		AA6DB4011B9B138700704B5A /* Main.storyboard */ = {
			isa = PBXVariantGroup;
			children = (
				AA6DB4021B9B138700704B5A /* Base */,
			);
			name = Main.storyboard;
			sourceTree = "<group>";
		};
		AA6DB4061B9B138700704B5A /* LaunchScreen.storyboard */ = {
			isa = PBXVariantGroup;
			children = (
				AA6DB4071B9B138700704B5A /* Base */,
			);
			name = LaunchScreen.storyboard;
			sourceTree = "<group>";
		};
/* End PBXVariantGroup section */

/* Begin XCBuildConfiguration section */
		AA6DB40A1B9B138700704B5A /* Debug */ = {
			isa = XCBuildConfiguration;
			buildSettings = {
				ALWAYS_SEARCH_USER_PATHS = NO;
				CLANG_CXX_LANGUAGE_STANDARD = "gnu++0x";
				CLANG_CXX_LIBRARY = "libc++";
				CLANG_ENABLE_MODULES = YES;
				CLANG_ENABLE_OBJC_ARC = YES;
				CLANG_WARN_BOOL_CONVERSION = YES;
				CLANG_WARN_CONSTANT_CONVERSION = YES;
				CLANG_WARN_DIRECT_OBJC_ISA_USAGE = YES_ERROR;
				CLANG_WARN_EMPTY_BODY = YES;
				CLANG_WARN_ENUM_CONVERSION = YES;
				CLANG_WARN_INT_CONVERSION = YES;
				CLANG_WARN_OBJC_ROOT_CLASS = YES_ERROR;
				CLANG_WARN_UNREACHABLE_CODE = YES;
				CLANG_WARN__DUPLICATE_METHOD_MATCH = YES;
				CODE_SIGN_IDENTITY = "";
				"CODE_SIGN_IDENTITY[sdk=iphoneos*]" = "";
				COPY_PHASE_STRIP = NO;
				DEBUG_INFORMATION_FORMAT = dwarf;
				ENABLE_STRICT_OBJC_MSGSEND = YES;
				ENABLE_TESTABILITY = YES;
				GCC_C_LANGUAGE_STANDARD = gnu99;
				GCC_DYNAMIC_NO_PIC = NO;
				GCC_NO_COMMON_BLOCKS = YES;
				GCC_OPTIMIZATION_LEVEL = 0;
				GCC_PREPROCESSOR_DEFINITIONS = (
					"DEBUG=1",
					"$(inherited)",
				);
				GCC_WARN_64_TO_32_BIT_CONVERSION = YES;
				GCC_WARN_ABOUT_RETURN_TYPE = YES_ERROR;
				GCC_WARN_UNDECLARED_SELECTOR = YES;
				GCC_WARN_UNINITIALIZED_AUTOS = YES_AGGRESSIVE;
				GCC_WARN_UNUSED_FUNCTION = YES;
				GCC_WARN_UNUSED_VARIABLE = YES;
				IPHONEOS_DEPLOYMENT_TARGET = 9.0;
				MTL_ENABLE_DEBUG_INFO = YES;
				ONLY_ACTIVE_ARCH = YES;
				PROVISIONING_PROFILE = "6727d130-1aff-4faa-807d-c2963a688314";
				SDKROOT = iphoneos;
				SWIFT_OPTIMIZATION_LEVEL = "-Onone";
				TARGETED_DEVICE_FAMILY = "1,2";
				VALID_ARCHS = arm64;
			};
			name = Debug;
		};
		AA6DB40B1B9B138700704B5A /* Release */ = {
			isa = XCBuildConfiguration;
			buildSettings = {
				ALWAYS_SEARCH_USER_PATHS = NO;
				CLANG_CXX_LANGUAGE_STANDARD = "gnu++0x";
				CLANG_CXX_LIBRARY = "libc++";
				CLANG_ENABLE_MODULES = YES;
				CLANG_ENABLE_OBJC_ARC = YES;
				CLANG_WARN_BOOL_CONVERSION = YES;
				CLANG_WARN_CONSTANT_CONVERSION = YES;
				CLANG_WARN_DIRECT_OBJC_ISA_USAGE = YES_ERROR;
				CLANG_WARN_EMPTY_BODY = YES;
				CLANG_WARN_ENUM_CONVERSION = YES;
				CLANG_WARN_INT_CONVERSION = YES;
				CLANG_WARN_OBJC_ROOT_CLASS = YES_ERROR;
				CLANG_WARN_UNREACHABLE_CODE = YES;
				CLANG_WARN__DUPLICATE_METHOD_MATCH = YES;
				CODE_SIGN_IDENTITY = "";
				"CODE_SIGN_IDENTITY[sdk=iphoneos*]" = "";
				COPY_PHASE_STRIP = NO;
				DEBUG_INFORMATION_FORMAT = "dwarf-with-dsym";
				ENABLE_NS_ASSERTIONS = NO;
				ENABLE_STRICT_OBJC_MSGSEND = YES;
				GCC_C_LANGUAGE_STANDARD = gnu99;
				GCC_NO_COMMON_BLOCKS = YES;
				GCC_WARN_64_TO_32_BIT_CONVERSION = YES;
				GCC_WARN_ABOUT_RETURN_TYPE = YES_ERROR;
				GCC_WARN_UNDECLARED_SELECTOR = YES;
				GCC_WARN_UNINITIALIZED_AUTOS = YES_AGGRESSIVE;
				GCC_WARN_UNUSED_FUNCTION = YES;
				GCC_WARN_UNUSED_VARIABLE = YES;
				IPHONEOS_DEPLOYMENT_TARGET = 9.0;
				MTL_ENABLE_DEBUG_INFO = NO;
				PROVISIONING_PROFILE = "6727d130-1aff-4faa-807d-c2963a688314";
				SDKROOT = iphoneos;
				TARGETED_DEVICE_FAMILY = "1,2";
				VALIDATE_PRODUCT = YES;
				VALID_ARCHS = arm64;
			};
			name = Release;
		};
		AA6DB40D1B9B138700704B5A /* Debug */ = {
			isa = XCBuildConfiguration;
			buildSettings = {
				ASSETCATALOG_COMPILER_APPICON_NAME = AppIcon;
				CODE_SIGN_IDENTITY = "";
				EMBEDDED_CONTENT_CONTAINS_SWIFT = YES;
				INFOPLIST_FILE = "Swift Block It/Info.plist";
				LD_RUNPATH_SEARCH_PATHS = "$(inherited) @executable_path/Frameworks";
				PRODUCT_BUNDLE_IDENTIFIER = "eu.trease.Swift-Block-It";
				PRODUCT_NAME = "$(TARGET_NAME)";
				PROVISIONING_PROFILE = "6727d130-1aff-4faa-807d-c2963a688314";
			};
			name = Debug;
		};
		AA6DB40E1B9B138700704B5A /* Release */ = {
			isa = XCBuildConfiguration;
			buildSettings = {
				ASSETCATALOG_COMPILER_APPICON_NAME = AppIcon;
				CODE_SIGN_IDENTITY = "";
				"CODE_SIGN_IDENTITY[sdk=iphoneos*]" = "";
				EMBEDDED_CONTENT_CONTAINS_SWIFT = YES;
				INFOPLIST_FILE = "Swift Block It/Info.plist";
				LD_RUNPATH_SEARCH_PATHS = "$(inherited) @executable_path/Frameworks";
				PRODUCT_BUNDLE_IDENTIFIER = "eu.trease.Swift-Block-It";
				PRODUCT_NAME = "$(TARGET_NAME)";
				PROVISIONING_PROFILE = "6727d130-1aff-4faa-807d-c2963a688314";
			};
			name = Release;
		};
		AAF075521BA0452600329BD2 /* Debug */ = {
			isa = XCBuildConfiguration;
			buildSettings = {
				ARCHS = "$(ARCHS_STANDARD_64_BIT)";
				CODE_SIGN_IDENTITY = "";
				INFOPLIST_FILE = "Content Blocker/Info.plist";
				LD_RUNPATH_SEARCH_PATHS = "$(inherited) @executable_path/Frameworks @executable_path/../../Frameworks";
				PRODUCT_BUNDLE_IDENTIFIER = "eu.trease.Swift-Block-It.Content-Blocker";
				PRODUCT_NAME = "$(TARGET_NAME)";
				PROVISIONING_PROFILE = "6727d130-1aff-4faa-807d-c2963a688314";
				SKIP_INSTALL = YES;
				VALID_ARCHS = arm64;
			};
			name = Debug;
		};
		AAF075531BA0452600329BD2 /* Release */ = {
			isa = XCBuildConfiguration;
			buildSettings = {
				ARCHS = "$(ARCHS_STANDARD_64_BIT)";
				CODE_SIGN_IDENTITY = "";
				INFOPLIST_FILE = "Content Blocker/Info.plist";
				LD_RUNPATH_SEARCH_PATHS = "$(inherited) @executable_path/Frameworks @executable_path/../../Frameworks";
				PRODUCT_BUNDLE_IDENTIFIER = "eu.trease.Swift-Block-It.Content-Blocker";
				PRODUCT_NAME = "$(TARGET_NAME)";
				PROVISIONING_PROFILE = "6727d130-1aff-4faa-807d-c2963a688314";
				SKIP_INSTALL = YES;
				VALID_ARCHS = arm64;
			};
			name = Release;
		};
/* End XCBuildConfiguration section */

/* Begin XCConfigurationList section */
		AA6DB3F51B9B138700704B5A /* Build configuration list for PBXProject "Swift Block It" */ = {
			isa = XCConfigurationList;
			buildConfigurations = (
				AA6DB40A1B9B138700704B5A /* Debug */,
				AA6DB40B1B9B138700704B5A /* Release */,
			);
			defaultConfigurationIsVisible = 0;
			defaultConfigurationName = Release;
		};
		AA6DB40C1B9B138700704B5A /* Build configuration list for PBXNativeTarget "Swift Block It" */ = {
			isa = XCConfigurationList;
			buildConfigurations = (
				AA6DB40D1B9B138700704B5A /* Debug */,
				AA6DB40E1B9B138700704B5A /* Release */,
			);
			defaultConfigurationIsVisible = 0;
			defaultConfigurationName = Release;
		};
		AAF075511BA0452600329BD2 /* Build configuration list for PBXNativeTarget "Content Blocker" */ = {
			isa = XCConfigurationList;
			buildConfigurations = (
				AAF075521BA0452600329BD2 /* Debug */,
				AAF075531BA0452600329BD2 /* Release */,
			);
			defaultConfigurationIsVisible = 0;
			defaultConfigurationName = Release;
		};
/* End XCConfigurationList section */
	};
	rootObject = AA6DB3F21B9B138700704B5A /* Project object */;
}
